
Microsoft Visual Studio Solution File, Format Version 12.00
# Visual Studio Version 16
VisualStudioVersion = 16.0.30907.101
MinimumVisualStudioVersion = 10.0.40219.1
Project("{FAE04EC0-301F-11D3-BF4B-00C04F79EFBC}") = "SamuraiApp.Domain", "SamuraiApp.Domain\SamuraiApp.Domain.csproj", "{67D1FE8F-E74B-499D-9E66-DD57B38644ED}"
EndProject
Project("{FAE04EC0-301F-11D3-BF4B-00C04F79EFBC}") = "SamuraiApp.Data", "SamuraiApp.Data\SamuraiApp.Data.csproj", "{404B5D3C-24E3-4ACA-8ED0-8869724BCFE2}"
EndProject
Project("{FAE04EC0-301F-11D3-BF4B-00C04F79EFBC}") = "SamuraiApp.UI", "SamuraiApp.UI\SamuraiApp.UI.csproj", "{93AE47F4-53DD-4198-9DBA-4482C2CA01F9}"
EndProject
Global
	GlobalSection(SolutionConfigurationPlatforms) = preSolution
		Debug|Any CPU = Debug|Any CPU
		Release|Any CPU = Release|Any CPU
	EndGlobalSection
	GlobalSection(ProjectConfigurationPlatforms) = postSolution
		{67D1FE8F-E74B-499D-9E66-DD57B38644ED}.Debug|Any CPU.ActiveCfg = Debug|Any CPU
		{67D1FE8F-E74B-499D-9E66-DD57B38644ED}.Debug|Any CPU.Build.0 = Debug|Any CPU
		{67D1FE8F-E74B-499D-9E66-DD57B38644ED}.Release|Any CPU.ActiveCfg = Release|Any CPU
		{67D1FE8F-E74B-499D-9E66-DD57B38644ED}.Release|Any CPU.Build.0 = Release|Any CPU
		{404B5D3C-24E3-4ACA-8ED0-8869724BCFE2}.Debug|Any CPU.ActiveCfg = Debug|Any CPU
		{404B5D3C-24E3-4ACA-8ED0-8869724BCFE2}.Debug|Any CPU.Build.0 = Debug|Any CPU
		{404B5D3C-24E3-4ACA-8ED0-8869724BCFE2}.Release|Any CPU.ActiveCfg = Release|Any CPU
		{404B5D3C-24E3-4ACA-8ED0-8869724BCFE2}.Release|Any CPU.Build.0 = Release|Any CPU
		{93AE47F4-53DD-4198-9DBA-4482C2CA01F9}.Debug|Any CPU.ActiveCfg = Debug|Any CPU
		{93AE47F4-53DD-4198-9DBA-4482C2CA01F9}.Debug|Any CPU.Build.0 = Debug|Any CPU
		{93AE47F4-53DD-4198-9DBA-4482C2CA01F9}.Release|Any CPU.ActiveCfg = Release|Any CPU
		{93AE47F4-53DD-4198-9DBA-4482C2CA01F9}.Release|Any CPU.Build.0 = Release|Any CPU
	EndGlobalSection
	GlobalSection(SolutionProperties) = preSolution
		HideSolutionNode = FALSE
	EndGlobalSection
	GlobalSection(ExtensibilityGlobals) = postSolution
		SolutionGuid = {161E5C05-E1CA-4229-9DF0-E58CE7A038B4}
	EndGlobalSection
EndGlobal
